
Microsoft Visual Studio Solution File, Format Version 12.00
# Visual Studio Version 17
VisualStudioVersion = 17.6.33815.320
MinimumVisualStudioVersion = 10.0.40219.1
Project("{FAE04EC0-301F-11D3-BF4B-00C04F79EFBC}") = "WebLectura", "WebLectura\WebLectura.csproj", "{755B8368-D843-4E2D-BB02-A336D39DDC8C}"
EndProject
Global
	GlobalSection(SolutionConfigurationPlatforms) = preSolution
		Debug|Any CPU = Debug|Any CPU
		Release|Any CPU = Release|Any CPU
	EndGlobalSection
	GlobalSection(ProjectConfigurationPlatforms) = postSolution
		{755B8368-D843-4E2D-BB02-A336D39DDC8C}.Debug|Any CPU.ActiveCfg = Debug|Any CPU
		{755B8368-D843-4E2D-BB02-A336D39DDC8C}.Debug|Any CPU.Build.0 = Debug|Any CPU
		{755B8368-D843-4E2D-BB02-A336D39DDC8C}.Release|Any CPU.ActiveCfg = Release|Any CPU
		{755B8368-D843-4E2D-BB02-A336D39DDC8C}.Release|Any CPU.Build.0 = Release|Any CPU
	EndGlobalSection
	GlobalSection(SolutionProperties) = preSolution
		HideSolutionNode = FALSE
	EndGlobalSection
	GlobalSection(ExtensibilityGlobals) = postSolution
		SolutionGuid = {CF87F1D2-C45E-483F-ADEE-DB35062EAF3A}
	EndGlobalSection
EndGlobal
